
Microsoft Visual Studio Solution File, Format Version 12.00
# Visual Studio Version 16
VisualStudioVersion = 16.0.30011.22
MinimumVisualStudioVersion = 10.0.40219.1
Project("{F184B08F-C81C-45F6-A57F-5ABD9991F28F}") = "Asnet2", "Asnet2\Asnet2.vbproj", "{83CFEF55-50EC-46C4-96F1-B09FC091AB0E}"
EndProject
Project("{9A19103F-16F7-4668-BE54-9A1E7A4F7556}") = "Scraper", "Scraper\Scraper.csproj", "{A4E7BB1F-9DCE-4862-A355-C8F8A575AEAD}"
EndProject
Global
	GlobalSection(SolutionConfigurationPlatforms) = preSolution
		Debug|Any CPU = Debug|Any CPU
		Release|Any CPU = Release|Any CPU
	EndGlobalSection
	GlobalSection(ProjectConfigurationPlatforms) = postSolution
		{83CFEF55-50EC-46C4-96F1-B09FC091AB0E}.Debug|Any CPU.ActiveCfg = Debug|Any CPU
		{83CFEF55-50EC-46C4-96F1-B09FC091AB0E}.Debug|Any CPU.Build.0 = Debug|Any CPU
		{83CFEF55-50EC-46C4-96F1-B09FC091AB0E}.Release|Any CPU.ActiveCfg = Release|Any CPU
		{83CFEF55-50EC-46C4-96F1-B09FC091AB0E}.Release|Any CPU.Build.0 = Release|Any CPU
		{A4E7BB1F-9DCE-4862-A355-C8F8A575AEAD}.Debug|Any CPU.ActiveCfg = Debug|Any CPU
		{A4E7BB1F-9DCE-4862-A355-C8F8A575AEAD}.Debug|Any CPU.Build.0 = Debug|Any CPU
		{A4E7BB1F-9DCE-4862-A355-C8F8A575AEAD}.Release|Any CPU.ActiveCfg = Release|Any CPU
		{A4E7BB1F-9DCE-4862-A355-C8F8A575AEAD}.Release|Any CPU.Build.0 = Release|Any CPU
	EndGlobalSection
	GlobalSection(SolutionProperties) = preSolution
		HideSolutionNode = FALSE
	EndGlobalSection
	GlobalSection(ExtensibilityGlobals) = postSolution
		SolutionGuid = {13739924-5313-41C3-B3F1-ACFE794A48C0}
	EndGlobalSection
EndGlobal
